// !$*UTF8*$!
{
	archiveVersion = 1;
	classes = {
	};
	objectVersion = 50;
	objects = {

/* Begin PBXBuildFile section */
		3CBA7642222D215F008E3E4D /* AppDelegate.swift in Sources */ = {isa = PBXBuildFile; fileRef = 3CBA7641222D215F008E3E4D /* AppDelegate.swift */; };
		3CBA7644222D215F008E3E4D /* ViewController.swift in Sources */ = {isa = PBXBuildFile; fileRef = 3CBA7643222D215F008E3E4D /* ViewController.swift */; };
		3CBA7647222D215F008E3E4D /* Main.storyboard in Resources */ = {isa = PBXBuildFile; fileRef = 3CBA7645222D215F008E3E4D /* Main.storyboard */; };
		3CBA7649222D2160008E3E4D /* Assets.xcassets in Resources */ = {isa = PBXBuildFile; fileRef = 3CBA7648222D2160008E3E4D /* Assets.xcassets */; };
		3CBA764C222D2160008E3E4D /* LaunchScreen.storyboard in Resources */ = {isa = PBXBuildFile; fileRef = 3CBA764A222D2160008E3E4D /* LaunchScreen.storyboard */; };
		3CBA7657222D2160008E3E4D /* lifeTests.swift in Sources */ = {isa = PBXBuildFile; fileRef = 3CBA7656222D2160008E3E4D /* lifeTests.swift */; };
		3CBA7662222D2160008E3E4D /* lifeUITests.swift in Sources */ = {isa = PBXBuildFile; fileRef = 3CBA7661222D2160008E3E4D /* lifeUITests.swift */; };
/* End PBXBuildFile section */

/* Begin PBXContainerItemProxy section */
		3CBA7653222D2160008E3E4D /* PBXContainerItemProxy */ = {
			isa = PBXContainerItemProxy;
			containerPortal = 3CBA7636222D215F008E3E4D /* Project object */;
			proxyType = 1;
			remoteGlobalIDString = 3CBA763D222D215F008E3E4D;
			remoteInfo = life;
		};
		3CBA765E222D2160008E3E4D /* PBXContainerItemProxy */ = {
			isa = PBXContainerItemProxy;
			containerPortal = 3CBA7636222D215F008E3E4D /* Project object */;
			proxyType = 1;
			remoteGlobalIDString = 3CBA763D222D215F008E3E4D;
			remoteInfo = life;
		};
/* End PBXContainerItemProxy section */

/* Begin PBXFileReference section */
		3CBA763E222D215F008E3E4D /* life.app */ = {isa = PBXFileReference; explicitFileType = wrapper.application; includeInIndex = 0; path = life.app; sourceTree = BUILT_PRODUCTS_DIR; };
		3CBA7641222D215F008E3E4D /* AppDelegate.swift */ = {isa = PBXFileReference; lastKnownFileType = sourcecode.swift; path = AppDelegate.swift; sourceTree = "<group>"; };
		3CBA7643222D215F008E3E4D /* ViewController.swift */ = {isa = PBXFileReference; lastKnownFileType = sourcecode.swift; path = ViewController.swift; sourceTree = "<group>"; };
		3CBA7646222D215F008E3E4D /* Base */ = {isa = PBXFileReference; lastKnownFileType = file.storyboard; name = Base; path = Base.lproj/Main.storyboard; sourceTree = "<group>"; };
		3CBA7648222D2160008E3E4D /* Assets.xcassets */ = {isa = PBXFileReference; lastKnownFileType = folder.assetcatalog; path = Assets.xcassets; sourceTree = "<group>"; };
		3CBA764B222D2160008E3E4D /* Base */ = {isa = PBXFileReference; lastKnownFileType = file.storyboard; name = Base; path = Base.lproj/LaunchScreen.storyboard; sourceTree = "<group>"; };
		3CBA764D222D2160008E3E4D /* Info.plist */ = {isa = PBXFileReference; lastKnownFileType = text.plist.xml; path = Info.plist; sourceTree = "<group>"; };
		3CBA7652222D2160008E3E4D /* lifeTests.xctest */ = {isa = PBXFileReference; explicitFileType = wrapper.cfbundle; includeInIndex = 0; path = lifeTests.xctest; sourceTree = BUILT_PRODUCTS_DIR; };
		3CBA7656222D2160008E3E4D /* lifeTests.swift */ = {isa = PBXFileReference; lastKnownFileType = sourcecode.swift; path = lifeTests.swift; sourceTree = "<group>"; };
		3CBA7658222D2160008E3E4D /* Info.plist */ = {isa = PBXFileReference; lastKnownFileType = text.plist.xml; path = Info.plist; sourceTree = "<group>"; };
		3CBA765D222D2160008E3E4D /* lifeUITests.xctest */ = {isa = PBXFileReference; explicitFileType = wrapper.cfbundle; includeInIndex = 0; path = lifeUITests.xctest; sourceTree = BUILT_PRODUCTS_DIR; };
		3CBA7661222D2160008E3E4D /* lifeUITests.swift */ = {isa = PBXFileReference; lastKnownFileType = sourcecode.swift; path = lifeUITests.swift; sourceTree = "<group>"; };
		3CBA7663222D2160008E3E4D /* Info.plist */ = {isa = PBXFileReference; lastKnownFileType = text.plist.xml; path = Info.plist; sourceTree = "<group>"; };
/* End PBXFileReference section */

/* Begin PBXFrameworksBuildPhase section */
		3CBA763B222D215F008E3E4D /* Frameworks */ = {
			isa = PBXFrameworksBuildPhase;
			buildActionMask = 2147483647;
			files = (
			);
			runOnlyForDeploymentPostprocessing = 0;
		};
		3CBA764F222D2160008E3E4D /* Frameworks */ = {
			isa = PBXFrameworksBuildPhase;
			buildActionMask = 2147483647;
			files = (
			);
			runOnlyForDeploymentPostprocessing = 0;
		};
		3CBA765A222D2160008E3E4D /* Frameworks */ = {
			isa = PBXFrameworksBuildPhase;
			buildActionMask = 2147483647;
			files = (
			);
			runOnlyForDeploymentPostprocessing = 0;
		};
/* End PBXFrameworksBuildPhase section */

/* Begin PBXGroup section */
		3CBA7635222D215F008E3E4D = {
			isa = PBXGroup;
			children = (
				3CBA7640222D215F008E3E4D /* life */,
				3CBA7655222D2160008E3E4D /* lifeTests */,
				3CBA7660222D2160008E3E4D /* lifeUITests */,
				3CBA763F222D215F008E3E4D /* Products */,
			);
			sourceTree = "<group>";
		};
		3CBA763F222D215F008E3E4D /* Products */ = {
			isa = PBXGroup;
			children = (
				3CBA763E222D215F008E3E4D /* life.app */,
				3CBA7652222D2160008E3E4D /* lifeTests.xctest */,
				3CBA765D222D2160008E3E4D /* lifeUITests.xctest */,
			);
			name = Products;
			sourceTree = "<group>";
		};
		3CBA7640222D215F008E3E4D /* life */ = {
			isa = PBXGroup;
			children = (
				3CBA7641222D215F008E3E4D /* AppDelegate.swift */,
				3CBA7643222D215F008E3E4D /* ViewController.swift */,
				3CBA7645222D215F008E3E4D /* Main.storyboard */,
				3CBA7648222D2160008E3E4D /* Assets.xcassets */,
				3CBA764A222D2160008E3E4D /* LaunchScreen.storyboard */,
				3CBA764D222D2160008E3E4D /* Info.plist */,
			);
			path = life;
			sourceTree = "<group>";
		};
		3CBA7655222D2160008E3E4D /* lifeTests */ = {
			isa = PBXGroup;
			children = (
				3CBA7656222D2160008E3E4D /* lifeTests.swift */,
				3CBA7658222D2160008E3E4D /* Info.plist */,
			);
			path = lifeTests;
			sourceTree = "<group>";
		};
		3CBA7660222D2160008E3E4D /* lifeUITests */ = {
			isa = PBXGroup;
			children = (
				3CBA7661222D2160008E3E4D /* lifeUITests.swift */,
				3CBA7663222D2160008E3E4D /* Info.plist */,
			);
			path = lifeUITests;
			sourceTree = "<group>";
		};
/* End PBXGroup section */

/* Begin PBXNativeTarget section */
		3CBA763D222D215F008E3E4D /* life */ = {
			isa = PBXNativeTarget;
			buildConfigurationList = 3CBA7666222D2160008E3E4D /* Build configuration list for PBXNativeTarget "life" */;
			buildPhases = (
				3CBA763A222D215F008E3E4D /* Sources */,
				3CBA763B222D215F008E3E4D /* Frameworks */,
				3CBA763C222D215F008E3E4D /* Resources */,
			);
			buildRules = (
			);
			dependencies = (
			);
			name = life;
			productName = life;
			productReference = 3CBA763E222D215F008E3E4D /* life.app */;
			productType = "com.apple.product-type.application";
		};
		3CBA7651222D2160008E3E4D /* lifeTests */ = {
			isa = PBXNativeTarget;
			buildConfigurationList = 3CBA7669222D2160008E3E4D /* Build configuration list for PBXNativeTarget "lifeTests" */;
			buildPhases = (
				3CBA764E222D2160008E3E4D /* Sources */,
				3CBA764F222D2160008E3E4D /* Frameworks */,
				3CBA7650222D2160008E3E4D /* Resources */,
			);
			buildRules = (
			);
			dependencies = (
				3CBA7654222D2160008E3E4D /* PBXTargetDependency */,
			);
			name = lifeTests;
			productName = lifeTests;
			productReference = 3CBA7652222D2160008E3E4D /* lifeTests.xctest */;
			productType = "com.apple.product-type.bundle.unit-test";
		};
		3CBA765C222D2160008E3E4D /* lifeUITests */ = {
			isa = PBXNativeTarget;
			buildConfigurationList = 3CBA766C222D2160008E3E4D /* Build configuration list for PBXNativeTarget "lifeUITests" */;
			buildPhases = (
				3CBA7659222D2160008E3E4D /* Sources */,
				3CBA765A222D2160008E3E4D /* Frameworks */,
				3CBA765B222D2160008E3E4D /* Resources */,
			);
			buildRules = (
			);
			dependencies = (
				3CBA765F222D2160008E3E4D /* PBXTargetDependency */,
			);
			name = lifeUITests;
			productName = lifeUITests;
			productReference = 3CBA765D222D2160008E3E4D /* lifeUITests.xctest */;
			productType = "com.apple.product-type.bundle.ui-testing";
		};
/* End PBXNativeTarget section */

/* Begin PBXProject section */
		3CBA7636222D215F008E3E4D /* Project object */ = {
			isa = PBXProject;
			attributes = {
				LastSwiftUpdateCheck = 1010;
				LastUpgradeCheck = 1010;
				ORGANIZATIONNAME = lifeorg;
				TargetAttributes = {
					3CBA763D222D215F008E3E4D = {
						CreatedOnToolsVersion = 10.1;
					};
					3CBA7651222D2160008E3E4D = {
						CreatedOnToolsVersion = 10.1;
						TestTargetID = 3CBA763D222D215F008E3E4D;
					};
					3CBA765C222D2160008E3E4D = {
						CreatedOnToolsVersion = 10.1;
						TestTargetID = 3CBA763D222D215F008E3E4D;
					};
				};
			};
			buildConfigurationList = 3CBA7639222D215F008E3E4D /* Build configuration list for PBXProject "life" */;
			compatibilityVersion = "Xcode 9.3";
			developmentRegion = en;
			hasScannedForEncodings = 0;
			knownRegions = (
				en,
				Base,
			);
			mainGroup = 3CBA7635222D215F008E3E4D;
			productRefGroup = 3CBA763F222D215F008E3E4D /* Products */;
			projectDirPath = "";
			projectRoot = "";
			targets = (
				3CBA763D222D215F008E3E4D /* life */,
				3CBA7651222D2160008E3E4D /* lifeTests */,
				3CBA765C222D2160008E3E4D /* lifeUITests */,
			);
		};
/* End PBXProject section */

/* Begin PBXResourcesBuildPhase section */
		3CBA763C222D215F008E3E4D /* Resources */ = {
			isa = PBXResourcesBuildPhase;
			buildActionMask = 2147483647;
			files = (
				3CBA764C222D2160008E3E4D /* LaunchScreen.storyboard in Resources */,
				3CBA7649222D2160008E3E4D /* Assets.xcassets in Resources */,
				3CBA7647222D215F008E3E4D /* Main.storyboard in Resources */,
			);
			runOnlyForDeploymentPostprocessing = 0;
		};
		3CBA7650222D2160008E3E4D /* Resources */ = {
			isa = PBXResourcesBuildPhase;
			buildActionMask = 2147483647;
			files = (
			);
			runOnlyForDeploymentPostprocessing = 0;
		};
		3CBA765B222D2160008E3E4D /* Resources */ = {
			isa = PBXResourcesBuildPhase;
			buildActionMask = 2147483647;
			files = (
			);
			runOnlyForDeploymentPostprocessing = 0;
		};
/* End PBXResourcesBuildPhase section */

/* Begin PBXSourcesBuildPhase section */
		3CBA763A222D215F008E3E4D /* Sources */ = {
			isa = PBXSourcesBuildPhase;
			buildActionMask = 2147483647;
			files = (
				3CBA7644222D215F008E3E4D /* ViewController.swift in Sources */,
				3CBA7642222D215F008E3E4D /* AppDelegate.swift in Sources */,
			);
			runOnlyForDeploymentPostprocessing = 0;
		};
		3CBA764E222D2160008E3E4D /* Sources */ = {
			isa = PBXSourcesBuildPhase;
			buildActionMask = 2147483647;
			files = (
				3CBA7657222D2160008E3E4D /* lifeTests.swift in Sources */,
			);
			runOnlyForDeploymentPostprocessing = 0;
		};
		3CBA7659222D2160008E3E4D /* Sources */ = {
			isa = PBXSourcesBuildPhase;
			buildActionMask = 2147483647;
			files = (
				3CBA7662222D2160008E3E4D /* lifeUITests.swift in Sources */,
			);
			runOnlyForDeploymentPostprocessing = 0;
		};
/* End PBXSourcesBuildPhase section */

/* Begin PBXTargetDependency section */
		3CBA7654222D2160008E3E4D /* PBXTargetDependency */ = {
			isa = PBXTargetDependency;
			target = 3CBA763D222D215F008E3E4D /* life */;
			targetProxy = 3CBA7653222D2160008E3E4D /* PBXContainerItemProxy */;
		};
		3CBA765F222D2160008E3E4D /* PBXTargetDependency */ = {
			isa = PBXTargetDependency;
			target = 3CBA763D222D215F008E3E4D /* life */;
			targetProxy = 3CBA765E222D2160008E3E4D /* PBXContainerItemProxy */;
		};
/* End PBXTargetDependency section */

/* Begin PBXVariantGroup section */
		3CBA7645222D215F008E3E4D /* Main.storyboard */ = {
			isa = PBXVariantGroup;
			children = (
				3CBA7646222D215F008E3E4D /* Base */,
			);
			name = Main.storyboard;
			sourceTree = "<group>";
		};
		3CBA764A222D2160008E3E4D /* LaunchScreen.storyboard */ = {
			isa = PBXVariantGroup;
			children = (
				3CBA764B222D2160008E3E4D /* Base */,
			);
			name = LaunchScreen.storyboard;
			sourceTree = "<group>";
		};
/* End PBXVariantGroup section */

/* Begin XCBuildConfiguration section */
		3CBA7664222D2160008E3E4D /* Debug */ = {
			isa = XCBuildConfiguration;
			buildSettings = {
				ALWAYS_SEARCH_USER_PATHS = NO;
				CLANG_ANALYZER_NONNULL = YES;
				CLANG_ANALYZER_NUMBER_OBJECT_CONVERSION = YES_AGGRESSIVE;
				CLANG_CXX_LANGUAGE_STANDARD = "gnu++14";
				CLANG_CXX_LIBRARY = "libc++";
				CLANG_ENABLE_MODULES = YES;
				CLANG_ENABLE_OBJC_ARC = YES;
				CLANG_ENABLE_OBJC_WEAK = YES;
				CLANG_WARN_BLOCK_CAPTURE_AUTORELEASING = YES;
				CLANG_WARN_BOOL_CONVERSION = YES;
				CLANG_WARN_COMMA = YES;
				CLANG_WARN_CONSTANT_CONVERSION = YES;
				CLANG_WARN_DEPRECATED_OBJC_IMPLEMENTATIONS = YES;
				CLANG_WARN_DIRECT_OBJC_ISA_USAGE = YES_ERROR;
				CLANG_WARN_DOCUMENTATION_COMMENTS = YES;
				CLANG_WARN_EMPTY_BODY = YES;
				CLANG_WARN_ENUM_CONVERSION = YES;
				CLANG_WARN_INFINITE_RECURSION = YES;
				CLANG_WARN_INT_CONVERSION = YES;
				CLANG_WARN_NON_LITERAL_NULL_CONVERSION = YES;
				CLANG_WARN_OBJC_IMPLICIT_RETAIN_SELF = YES;
				CLANG_WARN_OBJC_LITERAL_CONVERSION = YES;
				CLANG_WARN_OBJC_ROOT_CLASS = YES_ERROR;
				CLANG_WARN_RANGE_LOOP_ANALYSIS = YES;
				CLANG_WARN_STRICT_PROTOTYPES = YES;
				CLANG_WARN_SUSPICIOUS_MOVE = YES;
				CLANG_WARN_UNGUARDED_AVAILABILITY = YES_AGGRESSIVE;
				CLANG_WARN_UNREACHABLE_CODE = YES;
				CLANG_WARN__DUPLICATE_METHOD_MATCH = YES;
				CODE_SIGN_IDENTITY = "iPhone Developer";
				COPY_PHASE_STRIP = NO;
				DEBUG_INFORMATION_FORMAT = dwarf;
				ENABLE_STRICT_OBJC_MSGSEND = YES;
				ENABLE_TESTABILITY = YES;
				GCC_C_LANGUAGE_STANDARD = gnu11;
				GCC_DYNAMIC_NO_PIC = NO;
				GCC_NO_COMMON_BLOCKS = YES;
				GCC_OPTIMIZATION_LEVEL = 0;
				GCC_PREPROCESSOR_DEFINITIONS = (
					"DEBUG=1",
					"$(inherited)",
				);
				GCC_WARN_64_TO_32_BIT_CONVERSION = YES;
				GCC_WARN_ABOUT_RETURN_TYPE = YES_ERROR;
				GCC_WARN_UNDECLARED_SELECTOR = YES;
				GCC_WARN_UNINITIALIZED_AUTOS = YES_AGGRESSIVE;
				GCC_WARN_UNUSED_FUNCTION = YES;
				GCC_WARN_UNUSED_VARIABLE = YES;
				IPHONEOS_DEPLOYMENT_TARGET = 12.1;
				MTL_ENABLE_DEBUG_INFO = INCLUDE_SOURCE;
				MTL_FAST_MATH = YES;
				ONLY_ACTIVE_ARCH = YES;
				SDKROOT = iphoneos;
				SWIFT_ACTIVE_COMPILATION_CONDITIONS = DEBUG;
				SWIFT_OPTIMIZATION_LEVEL = "-Onone";
			};
			name = Debug;
		};
		3CBA7665222D2160008E3E4D /* Release */ = {
			isa = XCBuildConfiguration;
			buildSettings = {
				ALWAYS_SEARCH_USER_PATHS = NO;
				CLANG_ANALYZER_NONNULL = YES;
				CLANG_ANALYZER_NUMBER_OBJECT_CONVERSION = YES_AGGRESSIVE;
				CLANG_CXX_LANGUAGE_STANDARD = "gnu++14";
				CLANG_CXX_LIBRARY = "libc++";
				CLANG_ENABLE_MODULES = YES;
				CLANG_ENABLE_OBJC_ARC = YES;
				CLANG_ENABLE_OBJC_WEAK = YES;
				CLANG_WARN_BLOCK_CAPTURE_AUTORELEASING = YES;
				CLANG_WARN_BOOL_CONVERSION = YES;
				CLANG_WARN_COMMA = YES;
				CLANG_WARN_CONSTANT_CONVERSION = YES;
				CLANG_WARN_DEPRECATED_OBJC_IMPLEMENTATIONS = YES;
				CLANG_WARN_DIRECT_OBJC_ISA_USAGE = YES_ERROR;
				CLANG_WARN_DOCUMENTATION_COMMENTS = YES;
				CLANG_WARN_EMPTY_BODY = YES;
				CLANG_WARN_ENUM_CONVERSION = YES;
				CLANG_WARN_INFINITE_RECURSION = YES;
				CLANG_WARN_INT_CONVERSION = YES;
				CLANG_WARN_NON_LITERAL_NULL_CONVERSION = YES;
				CLANG_WARN_OBJC_IMPLICIT_RETAIN_SELF = YES;
				CLANG_WARN_OBJC_LITERAL_CONVERSION = YES;
				CLANG_WARN_OBJC_ROOT_CLASS = YES_ERROR;
				CLANG_WARN_RANGE_LOOP_ANALYSIS = YES;
				CLANG_WARN_STRICT_PROTOTYPES = YES;
				CLANG_WARN_SUSPICIOUS_MOVE = YES;
				CLANG_WARN_UNGUARDED_AVAILABILITY = YES_AGGRESSIVE;
				CLANG_WARN_UNREACHABLE_CODE = YES;
				CLANG_WARN__DUPLICATE_METHOD_MATCH = YES;
				CODE_SIGN_IDENTITY = "iPhone Developer";
				COPY_PHASE_STRIP = NO;
				DEBUG_INFORMATION_FORMAT = "dwarf-with-dsym";
				ENABLE_NS_ASSERTIONS = NO;
				ENABLE_STRICT_OBJC_MSGSEND = YES;
				GCC_C_LANGUAGE_STANDARD = gnu11;
				GCC_NO_COMMON_BLOCKS = YES;
				GCC_WARN_64_TO_32_BIT_CONVERSION = YES;
				GCC_WARN_ABOUT_RETURN_TYPE = YES_ERROR;
				GCC_WARN_UNDECLARED_SELECTOR = YES;
				GCC_WARN_UNINITIALIZED_AUTOS = YES_AGGRESSIVE;
				GCC_WARN_UNUSED_FUNCTION = YES;
				GCC_WARN_UNUSED_VARIABLE = YES;
				IPHONEOS_DEPLOYMENT_TARGET = 12.1;
				MTL_ENABLE_DEBUG_INFO = NO;
				MTL_FAST_MATH = YES;
				SDKROOT = iphoneos;
				SWIFT_COMPILATION_MODE = wholemodule;
				SWIFT_OPTIMIZATION_LEVEL = "-O";
				VALIDATE_PRODUCT = YES;
			};
			name = Release;
		};
		3CBA7667222D2160008E3E4D /* Debug */ = {
			isa = XCBuildConfiguration;
			buildSettings = {
				ASSETCATALOG_COMPILER_APPICON_NAME = AppIcon;
				CODE_SIGN_STYLE = Automatic;
				INFOPLIST_FILE = life/Info.plist;
				LD_RUNPATH_SEARCH_PATHS = (
					"$(inherited)",
					"@executable_path/Frameworks",
				);
				PRODUCT_BUNDLE_IDENTIFIER = lifeorg.life;
				PRODUCT_NAME = "$(TARGET_NAME)";
				SWIFT_VERSION = 4.2;
				TARGETED_DEVICE_FAMILY = "1,2";
			};
			name = Debug;
		};
		3CBA7668222D2160008E3E4D /* Release */ = {
			isa = XCBuildConfiguration;
			buildSettings = {
				ASSETCATALOG_COMPILER_APPICON_NAME = AppIcon;
				CODE_SIGN_STYLE = Automatic;
				INFOPLIST_FILE = life/Info.plist;
				LD_RUNPATH_SEARCH_PATHS = (
					"$(inherited)",
					"@executable_path/Frameworks",
				);
				PRODUCT_BUNDLE_IDENTIFIER = lifeorg.life;
				PRODUCT_NAME = "$(TARGET_NAME)";
				SWIFT_VERSION = 4.2;
				TARGETED_DEVICE_FAMILY = "1,2";
			};
			name = Release;
		};
		3CBA766A222D2160008E3E4D /* Debug */ = {
			isa = XCBuildConfiguration;
			buildSettings = {
				ALWAYS_EMBED_SWIFT_STANDARD_LIBRARIES = YES;
				BUNDLE_LOADER = "$(TEST_HOST)";
				CODE_SIGN_STYLE = Automatic;
				INFOPLIST_FILE = lifeTests/Info.plist;
				LD_RUNPATH_SEARCH_PATHS = (
					"$(inherited)",
					"@executable_path/Frameworks",
					"@loader_path/Frameworks",
				);
				PRODUCT_BUNDLE_IDENTIFIER = lifeorg.lifeTests;
				PRODUCT_NAME = "$(TARGET_NAME)";
				SWIFT_VERSION = 4.2;
				TARGETED_DEVICE_FAMILY = "1,2";
				TEST_HOST = "$(BUILT_PRODUCTS_DIR)/life.app/life";
			};
			name = Debug;
		};
		3CBA766B222D2160008E3E4D /* Release */ = {
			isa = XCBuildConfiguration;
			buildSettings = {
				ALWAYS_EMBED_SWIFT_STANDARD_LIBRARIES = YES;
				BUNDLE_LOADER = "$(TEST_HOST)";
				CODE_SIGN_STYLE = Automatic;
				INFOPLIST_FILE = lifeTests/Info.plist;
				LD_RUNPATH_SEARCH_PATHS = (
					"$(inherited)",
					"@executable_path/Frameworks",
					"@loader_path/Frameworks",
				);
				PRODUCT_BUNDLE_IDENTIFIER = lifeorg.lifeTests;
				PRODUCT_NAME = "$(TARGET_NAME)";
				SWIFT_VERSION = 4.2;
				TARGETED_DEVICE_FAMILY = "1,2";
				TEST_HOST = "$(BUILT_PRODUCTS_DIR)/life.app/life";
			};
			name = Release;
		};
		3CBA766D222D2160008E3E4D /* Debug */ = {
			isa = XCBuildConfiguration;
			buildSettings = {
				ALWAYS_EMBED_SWIFT_STANDARD_LIBRARIES = YES;
				CODE_SIGN_STYLE = Automatic;
				INFOPLIST_FILE = lifeUITests/Info.plist;
				LD_RUNPATH_SEARCH_PATHS = (
					"$(inherited)",
					"@executable_path/Frameworks",
					"@loader_path/Frameworks",
				);
				PRODUCT_BUNDLE_IDENTIFIER = lifeorg.lifeUITests;
				PRODUCT_NAME = "$(TARGET_NAME)";
				SWIFT_VERSION = 4.2;
				TARGETED_DEVICE_FAMILY = "1,2";
				TEST_TARGET_NAME = life;
			};
			name = Debug;
		};
		3CBA766E222D2160008E3E4D /* Release */ = {
			isa = XCBuildConfiguration;
			buildSettings = {
				ALWAYS_EMBED_SWIFT_STANDARD_LIBRARIES = YES;
				CODE_SIGN_STYLE = Automatic;
				INFOPLIST_FILE = lifeUITests/Info.plist;
				LD_RUNPATH_SEARCH_PATHS = (
					"$(inherited)",
					"@executable_path/Frameworks",
					"@loader_path/Frameworks",
				);
				PRODUCT_BUNDLE_IDENTIFIER = lifeorg.lifeUITests;
				PRODUCT_NAME = "$(TARGET_NAME)";
				SWIFT_VERSION = 4.2;
				TARGETED_DEVICE_FAMILY = "1,2";
				TEST_TARGET_NAME = life;
			};
			name = Release;
		};
/* End XCBuildConfiguration section */

/* Begin XCConfigurationList section */
		3CBA7639222D215F008E3E4D /* Build configuration list for PBXProject "life" */ = {
			isa = XCConfigurationList;
			buildConfigurations = (
				3CBA7664222D2160008E3E4D /* Debug */,
				3CBA7665222D2160008E3E4D /* Release */,
			);
			defaultConfigurationIsVisible = 0;
			defaultConfigurationName = Release;
		};
		3CBA7666222D2160008E3E4D /* Build configuration list for PBXNativeTarget "life" */ = {
			isa = XCConfigurationList;
			buildConfigurations = (
				3CBA7667222D2160008E3E4D /* Debug */,
				3CBA7668222D2160008E3E4D /* Release */,
			);
			defaultConfigurationIsVisible = 0;
			defaultConfigurationName = Release;
		};
		3CBA7669222D2160008E3E4D /* Build configuration list for PBXNativeTarget "lifeTests" */ = {
			isa = XCConfigurationList;
			buildConfigurations = (
				3CBA766A222D2160008E3E4D /* Debug */,
				3CBA766B222D2160008E3E4D /* Release */,
			);
			defaultConfigurationIsVisible = 0;
			defaultConfigurationName = Release;
		};
		3CBA766C222D2160008E3E4D /* Build configuration list for PBXNativeTarget "lifeUITests" */ = {
			isa = XCConfigurationList;
			buildConfigurations = (
				3CBA766D222D2160008E3E4D /* Debug */,
				3CBA766E222D2160008E3E4D /* Release */,
			);
			defaultConfigurationIsVisible = 0;
			defaultConfigurationName = Release;
		};
/* End XCConfigurationList section */
	};
	rootObject = 3CBA7636222D215F008E3E4D /* Project object */;
}
